
Microsoft Visual Studio Solution File, Format Version 12.00
Project("{FAE04EC0-301F-11D3-BF4B-00C04F79EFBC}") = "ChatServer", "ChatServer\ChatServer.csproj", "{46DE2A9E-C13A-4D37-BF57-C3052FC363D6}"
EndProject
Project("{FAE04EC0-301F-11D3-BF4B-00C04F79EFBC}") = "ChatServer.UnitTests", "ChatServer.UnitTests\ChatServer.UnitTests.csproj", "{0D4D089D-E80C-4E2E-AFE9-FBAFF45F8649}"
EndProject
Global
	GlobalSection(SolutionConfigurationPlatforms) = preSolution
		Debug|Any CPU = Debug|Any CPU
		Release|Any CPU = Release|Any CPU
	EndGlobalSection
	GlobalSection(ProjectConfigurationPlatforms) = postSolution
		{46DE2A9E-C13A-4D37-BF57-C3052FC363D6}.Debug|Any CPU.ActiveCfg = Debug|Any CPU
		{46DE2A9E-C13A-4D37-BF57-C3052FC363D6}.Debug|Any CPU.Build.0 = Debug|Any CPU
		{46DE2A9E-C13A-4D37-BF57-C3052FC363D6}.Release|Any CPU.ActiveCfg = Release|Any CPU
		{46DE2A9E-C13A-4D37-BF57-C3052FC363D6}.Release|Any CPU.Build.0 = Release|Any CPU
		{0D4D089D-E80C-4E2E-AFE9-FBAFF45F8649}.Debug|Any CPU.ActiveCfg = Debug|Any CPU
		{0D4D089D-E80C-4E2E-AFE9-FBAFF45F8649}.Debug|Any CPU.Build.0 = Debug|Any CPU
		{0D4D089D-E80C-4E2E-AFE9-FBAFF45F8649}.Release|Any CPU.ActiveCfg = Release|Any CPU
		{0D4D089D-E80C-4E2E-AFE9-FBAFF45F8649}.Release|Any CPU.Build.0 = Release|Any CPU
	EndGlobalSection
EndGlobal
